// !$*UTF8*$!
{
	archiveVersion = 1;
	classes = {
	};
	objectVersion = 50;
	objects = {

/* Begin PBXBuildFile section */
		55D8967421098D0B00F67D4A /* AppDelegate.swift in Sources */ = {isa = PBXBuildFile; fileRef = 55D8967321098D0B00F67D4A /* AppDelegate.swift */; };
		55D8967621098D0B00F67D4A /* ViewController.swift in Sources */ = {isa = PBXBuildFile; fileRef = 55D8967521098D0B00F67D4A /* ViewController.swift */; };
		55D8967921098D0B00F67D4A /* Main.storyboard in Resources */ = {isa = PBXBuildFile; fileRef = 55D8967721098D0B00F67D4A /* Main.storyboard */; };
		55D8967B21098D0C00F67D4A /* Assets.xcassets in Resources */ = {isa = PBXBuildFile; fileRef = 55D8967A21098D0C00F67D4A /* Assets.xcassets */; };
		55D8967E21098D0C00F67D4A /* LaunchScreen.storyboard in Resources */ = {isa = PBXBuildFile; fileRef = 55D8967C21098D0C00F67D4A /* LaunchScreen.storyboard */; };
		55D8968821098D3C00F67D4A /* PoseView.swift in Sources */ = {isa = PBXBuildFile; fileRef = 55D8968521098D3C00F67D4A /* PoseView.swift */; };
		55D8968921098D3C00F67D4A /* VideoCapture.swift in Sources */ = {isa = PBXBuildFile; fileRef = 55D8968621098D3C00F67D4A /* VideoCapture.swift */; };
		55D8968A21098D3C00F67D4A /* Measure.swift in Sources */ = {isa = PBXBuildFile; fileRef = 55D8968721098D3C00F67D4A /* Measure.swift */; };
		55D8968C21098D4C00F67D4A /* mv2_cpm_model_36000.mlmodel in Sources */ = {isa = PBXBuildFile; fileRef = 55D8968B21098D4C00F67D4A /* mv2_cpm_model_36000.mlmodel */; };
		55D89690210994AE00F67D4A /* model_23500.mlmodel in Sources */ = {isa = PBXBuildFile; fileRef = 55D8968F210994AE00F67D4A /* model_23500.mlmodel */; };
		55D896962109FE7800F67D4A /* model_40500.mlmodel in Sources */ = {isa = PBXBuildFile; fileRef = 55D896952109FE7800F67D4A /* model_40500.mlmodel */; };
		55D896982109FE7E00F67D4A /* model_37000.mlmodel in Sources */ = {isa = PBXBuildFile; fileRef = 55D896972109FE7E00F67D4A /* model_37000.mlmodel */; };
/* End PBXBuildFile section */

/* Begin PBXFileReference section */
		55D8967021098D0B00F67D4A /* Turtle.app */ = {isa = PBXFileReference; explicitFileType = wrapper.application; includeInIndex = 0; path = Turtle.app; sourceTree = BUILT_PRODUCTS_DIR; };
		55D8967321098D0B00F67D4A /* AppDelegate.swift */ = {isa = PBXFileReference; lastKnownFileType = sourcecode.swift; path = AppDelegate.swift; sourceTree = "<group>"; };
		55D8967521098D0B00F67D4A /* ViewController.swift */ = {isa = PBXFileReference; lastKnownFileType = sourcecode.swift; path = ViewController.swift; sourceTree = "<group>"; };
		55D8967821098D0B00F67D4A /* Base */ = {isa = PBXFileReference; lastKnownFileType = file.storyboard; name = Base; path = Base.lproj/Main.storyboard; sourceTree = "<group>"; };
		55D8967A21098D0C00F67D4A /* Assets.xcassets */ = {isa = PBXFileReference; lastKnownFileType = folder.assetcatalog; path = Assets.xcassets; sourceTree = "<group>"; };
		55D8967D21098D0C00F67D4A /* Base */ = {isa = PBXFileReference; lastKnownFileType = file.storyboard; name = Base; path = Base.lproj/LaunchScreen.storyboard; sourceTree = "<group>"; };
		55D8967F21098D0C00F67D4A /* Info.plist */ = {isa = PBXFileReference; lastKnownFileType = text.plist.xml; path = Info.plist; sourceTree = "<group>"; };
		55D8968521098D3C00F67D4A /* PoseView.swift */ = {isa = PBXFileReference; fileEncoding = 4; lastKnownFileType = sourcecode.swift; path = PoseView.swift; sourceTree = "<group>"; };
		55D8968621098D3C00F67D4A /* VideoCapture.swift */ = {isa = PBXFileReference; fileEncoding = 4; lastKnownFileType = sourcecode.swift; path = VideoCapture.swift; sourceTree = "<group>"; };
		55D8968721098D3C00F67D4A /* Measure.swift */ = {isa = PBXFileReference; fileEncoding = 4; lastKnownFileType = sourcecode.swift; path = Measure.swift; sourceTree = "<group>"; };
		55D8968B21098D4C00F67D4A /* mv2_cpm_model_36000.mlmodel */ = {isa = PBXFileReference; lastKnownFileType = file.mlmodel; path = mv2_cpm_model_36000.mlmodel; sourceTree = "<group>"; };
		55D8968F210994AE00F67D4A /* model_23500.mlmodel */ = {isa = PBXFileReference; lastKnownFileType = file.mlmodel; path = model_23500.mlmodel; sourceTree = "<group>"; };
		55D896952109FE7800F67D4A /* model_40500.mlmodel */ = {isa = PBXFileReference; lastKnownFileType = file.mlmodel; path = model_40500.mlmodel; sourceTree = "<group>"; };
		55D896972109FE7E00F67D4A /* model_37000.mlmodel */ = {isa = PBXFileReference; lastKnownFileType = file.mlmodel; path = model_37000.mlmodel; sourceTree = "<group>"; };
/* End PBXFileReference section */

/* Begin PBXFrameworksBuildPhase section */
		55D8966D21098D0B00F67D4A /* Frameworks */ = {
			isa = PBXFrameworksBuildPhase;
			buildActionMask = 2147483647;
			files = (
			);
			runOnlyForDeploymentPostprocessing = 0;
		};
/* End PBXFrameworksBuildPhase section */

/* Begin PBXGroup section */
		55D8966721098D0B00F67D4A = {
			isa = PBXGroup;
			children = (
				55D8967221098D0B00F67D4A /* Turtle */,
				55D8967121098D0B00F67D4A /* Products */,
			);
			sourceTree = "<group>";
		};
		55D8967121098D0B00F67D4A /* Products */ = {
			isa = PBXGroup;
			children = (
				55D8967021098D0B00F67D4A /* Turtle.app */,
			);
			name = Products;
			sourceTree = "<group>";
		};
		55D8967221098D0B00F67D4A /* Turtle */ = {
			isa = PBXGroup;
			children = (
				55D8968B21098D4C00F67D4A /* mv2_cpm_model_36000.mlmodel */,
				55D8968F210994AE00F67D4A /* model_23500.mlmodel */,
				55D896952109FE7800F67D4A /* model_40500.mlmodel */,
				55D896972109FE7E00F67D4A /* model_37000.mlmodel */,
				55D8967321098D0B00F67D4A /* AppDelegate.swift */,
				55D8967521098D0B00F67D4A /* ViewController.swift */,
				55D8968721098D3C00F67D4A /* Measure.swift */,
				55D8968521098D3C00F67D4A /* PoseView.swift */,
				55D8968621098D3C00F67D4A /* VideoCapture.swift */,
				55D8967721098D0B00F67D4A /* Main.storyboard */,
				55D8967A21098D0C00F67D4A /* Assets.xcassets */,
				55D8967C21098D0C00F67D4A /* LaunchScreen.storyboard */,
				55D8967F21098D0C00F67D4A /* Info.plist */,
			);
			path = Turtle;
			sourceTree = "<group>";
		};
/* End PBXGroup section */

/* Begin PBXNativeTarget section */
		55D8966F21098D0B00F67D4A /* Turtle */ = {
			isa = PBXNativeTarget;
			buildConfigurationList = 55D8968221098D0C00F67D4A /* Build configuration list for PBXNativeTarget "Turtle" */;
			buildPhases = (
				55D8966C21098D0B00F67D4A /* Sources */,
				55D8966D21098D0B00F67D4A /* Frameworks */,
				55D8966E21098D0B00F67D4A /* Resources */,
			);
			buildRules = (
			);
			dependencies = (
			);
			name = Turtle;
			productName = Turtle;
			productReference = 55D8967021098D0B00F67D4A /* Turtle.app */;
			productType = "com.apple.product-type.application";
		};
/* End PBXNativeTarget section */

/* Begin PBXProject section */
		55D8966821098D0B00F67D4A /* Project object */ = {
			isa = PBXProject;
			attributes = {
				LastSwiftUpdateCheck = 1000;
				LastUpgradeCheck = 1000;
				ORGANIZATIONNAME = tucan9389;
				TargetAttributes = {
					55D8966F21098D0B00F67D4A = {
						CreatedOnToolsVersion = 10.0;
					};
				};
			};
			buildConfigurationList = 55D8966B21098D0B00F67D4A /* Build configuration list for PBXProject "Turtle" */;
			compatibilityVersion = "Xcode 9.3";
			developmentRegion = en;
			hasScannedForEncodings = 0;
			knownRegions = (
				en,
				Base,
			);
			mainGroup = 55D8966721098D0B00F67D4A;
			productRefGroup = 55D8967121098D0B00F67D4A /* Products */;
			projectDirPath = "";
			projectRoot = "";
			targets = (
				55D8966F21098D0B00F67D4A /* Turtle */,
			);
		};
/* End PBXProject section */

/* Begin PBXResourcesBuildPhase section */
		55D8966E21098D0B00F67D4A /* Resources */ = {
			isa = PBXResourcesBuildPhase;
			buildActionMask = 2147483647;
			files = (
				55D8967E21098D0C00F67D4A /* LaunchScreen.storyboard in Resources */,
				55D8967B21098D0C00F67D4A /* Assets.xcassets in Resources */,
				55D8967921098D0B00F67D4A /* Main.storyboard in Resources */,
			);
			runOnlyForDeploymentPostprocessing = 0;
		};
/* End PBXResourcesBuildPhase section */

/* Begin PBXSourcesBuildPhase section */
		55D8966C21098D0B00F67D4A /* Sources */ = {
			isa = PBXSourcesBuildPhase;
			buildActionMask = 2147483647;
			files = (
				55D8968921098D3C00F67D4A /* VideoCapture.swift in Sources */,
				55D896982109FE7E00F67D4A /* model_37000.mlmodel in Sources */,
				55D8967621098D0B00F67D4A /* ViewController.swift in Sources */,
				55D8968A21098D3C00F67D4A /* Measure.swift in Sources */,
				55D89690210994AE00F67D4A /* model_23500.mlmodel in Sources */,
				55D896962109FE7800F67D4A /* model_40500.mlmodel in Sources */,
				55D8968821098D3C00F67D4A /* PoseView.swift in Sources */,
				55D8967421098D0B00F67D4A /* AppDelegate.swift in Sources */,
				55D8968C21098D4C00F67D4A /* mv2_cpm_model_36000.mlmodel in Sources */,
			);
			runOnlyForDeploymentPostprocessing = 0;
		};
/* End PBXSourcesBuildPhase section */

/* Begin PBXVariantGroup section */
		55D8967721098D0B00F67D4A /* Main.storyboard */ = {
			isa = PBXVariantGroup;
			children = (
				55D8967821098D0B00F67D4A /* Base */,
			);
			name = Main.storyboard;
			sourceTree = "<group>";
		};
		55D8967C21098D0C00F67D4A /* LaunchScreen.storyboard */ = {
			isa = PBXVariantGroup;
			children = (
				55D8967D21098D0C00F67D4A /* Base */,
			);
			name = LaunchScreen.storyboard;
			sourceTree = "<group>";
		};
/* End PBXVariantGroup section */

/* Begin XCBuildConfiguration section */
		55D8968021098D0C00F67D4A /* Debug */ = {
			isa = XCBuildConfiguration;
			buildSettings = {
				ALWAYS_SEARCH_USER_PATHS = NO;
				CLANG_ANALYZER_NONNULL = YES;
				CLANG_ANALYZER_NUMBER_OBJECT_CONVERSION = YES_AGGRESSIVE;
				CLANG_CXX_LANGUAGE_STANDARD = "gnu++14";
				CLANG_CXX_LIBRARY = "libc++";
				CLANG_ENABLE_MODULES = YES;
				CLANG_ENABLE_OBJC_ARC = YES;
				CLANG_ENABLE_OBJC_WEAK = YES;
				CLANG_WARN_BLOCK_CAPTURE_AUTORELEASING = YES;
				CLANG_WARN_BOOL_CONVERSION = YES;
				CLANG_WARN_COMMA = YES;
				CLANG_WARN_CONSTANT_CONVERSION = YES;
				CLANG_WARN_DEPRECATED_OBJC_IMPLEMENTATIONS = YES;
				CLANG_WARN_DIRECT_OBJC_ISA_USAGE = YES_ERROR;
				CLANG_WARN_DOCUMENTATION_COMMENTS = YES;
				CLANG_WARN_EMPTY_BODY = YES;
				CLANG_WARN_ENUM_CONVERSION = YES;
				CLANG_WARN_INFINITE_RECURSION = YES;
				CLANG_WARN_INT_CONVERSION = YES;
				CLANG_WARN_NON_LITERAL_NULL_CONVERSION = YES;
				CLANG_WARN_OBJC_IMPLICIT_RETAIN_SELF = YES;
				CLANG_WARN_OBJC_LITERAL_CONVERSION = YES;
				CLANG_WARN_OBJC_ROOT_CLASS = YES_ERROR;
				CLANG_WARN_RANGE_LOOP_ANALYSIS = YES;
				CLANG_WARN_STRICT_PROTOTYPES = YES;
				CLANG_WARN_SUSPICIOUS_MOVE = YES;
				CLANG_WARN_UNGUARDED_AVAILABILITY = YES_AGGRESSIVE;
				CLANG_WARN_UNREACHABLE_CODE = YES;
				CLANG_WARN__DUPLICATE_METHOD_MATCH = YES;
				CODE_SIGN_IDENTITY = "iPhone Developer";
				COPY_PHASE_STRIP = NO;
				DEBUG_INFORMATION_FORMAT = dwarf;
				ENABLE_STRICT_OBJC_MSGSEND = YES;
				ENABLE_TESTABILITY = YES;
				GCC_C_LANGUAGE_STANDARD = gnu11;
				GCC_DYNAMIC_NO_PIC = NO;
				GCC_NO_COMMON_BLOCKS = YES;
				GCC_OPTIMIZATION_LEVEL = 0;
				GCC_PREPROCESSOR_DEFINITIONS = (
					"DEBUG=1",
					"$(inherited)",
				);
				GCC_WARN_64_TO_32_BIT_CONVERSION = YES;
				GCC_WARN_ABOUT_RETURN_TYPE = YES_ERROR;
				GCC_WARN_UNDECLARED_SELECTOR = YES;
				GCC_WARN_UNINITIALIZED_AUTOS = YES_AGGRESSIVE;
				GCC_WARN_UNUSED_FUNCTION = YES;
				GCC_WARN_UNUSED_VARIABLE = YES;
				IPHONEOS_DEPLOYMENT_TARGET = 11.4;
				MTL_ENABLE_DEBUG_INFO = INCLUDE_SOURCE;
				MTL_FAST_MATH = YES;
				ONLY_ACTIVE_ARCH = YES;
				SDKROOT = iphoneos;
				SWIFT_ACTIVE_COMPILATION_CONDITIONS = DEBUG;
				SWIFT_OPTIMIZATION_LEVEL = "-Onone";
			};
			name = Debug;
		};
		55D8968121098D0C00F67D4A /* Release */ = {
			isa = XCBuildConfiguration;
			buildSettings = {
				ALWAYS_SEARCH_USER_PATHS = NO;
				CLANG_ANALYZER_NONNULL = YES;
				CLANG_ANALYZER_NUMBER_OBJECT_CONVERSION = YES_AGGRESSIVE;
				CLANG_CXX_LANGUAGE_STANDARD = "gnu++14";
				CLANG_CXX_LIBRARY = "libc++";
				CLANG_ENABLE_MODULES = YES;
				CLANG_ENABLE_OBJC_ARC = YES;
				CLANG_ENABLE_OBJC_WEAK = YES;
				CLANG_WARN_BLOCK_CAPTURE_AUTORELEASING = YES;
				CLANG_WARN_BOOL_CONVERSION = YES;
				CLANG_WARN_COMMA = YES;
				CLANG_WARN_CONSTANT_CONVERSION = YES;
				CLANG_WARN_DEPRECATED_OBJC_IMPLEMENTATIONS = YES;
				CLANG_WARN_DIRECT_OBJC_ISA_USAGE = YES_ERROR;
				CLANG_WARN_DOCUMENTATION_COMMENTS = YES;
				CLANG_WARN_EMPTY_BODY = YES;
				CLANG_WARN_ENUM_CONVERSION = YES;
				CLANG_WARN_INFINITE_RECURSION = YES;
				CLANG_WARN_INT_CONVERSION = YES;
				CLANG_WARN_NON_LITERAL_NULL_CONVERSION = YES;
				CLANG_WARN_OBJC_IMPLICIT_RETAIN_SELF = YES;
				CLANG_WARN_OBJC_LITERAL_CONVERSION = YES;
				CLANG_WARN_OBJC_ROOT_CLASS = YES_ERROR;
				CLANG_WARN_RANGE_LOOP_ANALYSIS = YES;
				CLANG_WARN_STRICT_PROTOTYPES = YES;
				CLANG_WARN_SUSPICIOUS_MOVE = YES;
				CLANG_WARN_UNGUARDED_AVAILABILITY = YES_AGGRESSIVE;
				CLANG_WARN_UNREACHABLE_CODE = YES;
				CLANG_WARN__DUPLICATE_METHOD_MATCH = YES;
				CODE_SIGN_IDENTITY = "iPhone Developer";
				COPY_PHASE_STRIP = NO;
				DEBUG_INFORMATION_FORMAT = "dwarf-with-dsym";
				ENABLE_NS_ASSERTIONS = NO;
				ENABLE_STRICT_OBJC_MSGSEND = YES;
				GCC_C_LANGUAGE_STANDARD = gnu11;
				GCC_NO_COMMON_BLOCKS = YES;
				GCC_WARN_64_TO_32_BIT_CONVERSION = YES;
				GCC_WARN_ABOUT_RETURN_TYPE = YES_ERROR;
				GCC_WARN_UNDECLARED_SELECTOR = YES;
				GCC_WARN_UNINITIALIZED_AUTOS = YES_AGGRESSIVE;
				GCC_WARN_UNUSED_FUNCTION = YES;
				GCC_WARN_UNUSED_VARIABLE = YES;
				IPHONEOS_DEPLOYMENT_TARGET = 11.4;
				MTL_ENABLE_DEBUG_INFO = NO;
				MTL_FAST_MATH = YES;
				SDKROOT = iphoneos;
				SWIFT_COMPILATION_MODE = wholemodule;
				SWIFT_OPTIMIZATION_LEVEL = "-O";
				VALIDATE_PRODUCT = YES;
			};
			name = Release;
		};
		55D8968321098D0C00F67D4A /* Debug */ = {
			isa = XCBuildConfiguration;
			buildSettings = {
				ASSETCATALOG_COMPILER_APPICON_NAME = AppIcon;
				CODE_SIGN_STYLE = Automatic;
				DEVELOPMENT_TEAM = 5WXJ4Z4H69;
				INFOPLIST_FILE = Turtle/Info.plist;
				IPHONEOS_DEPLOYMENT_TARGET = 11.0;
				LD_RUNPATH_SEARCH_PATHS = (
					"$(inherited)",
					"@executable_path/Frameworks",
				);
				PRODUCT_BUNDLE_IDENTIFIER = com.tucan9389.turtleapp2;
				PRODUCT_NAME = "$(TARGET_NAME)";
				SWIFT_VERSION = 4.0;
				TARGETED_DEVICE_FAMILY = "1,2";
			};
			name = Debug;
		};
		55D8968421098D0C00F67D4A /* Release */ = {
			isa = XCBuildConfiguration;
			buildSettings = {
				ASSETCATALOG_COMPILER_APPICON_NAME = AppIcon;
				CODE_SIGN_STYLE = Automatic;
				DEVELOPMENT_TEAM = 5WXJ4Z4H69;
				INFOPLIST_FILE = Turtle/Info.plist;
				IPHONEOS_DEPLOYMENT_TARGET = 11.0;
				LD_RUNPATH_SEARCH_PATHS = (
					"$(inherited)",
					"@executable_path/Frameworks",
				);
				PRODUCT_BUNDLE_IDENTIFIER = com.tucan9389.turtleapp2;
				PRODUCT_NAME = "$(TARGET_NAME)";
				SWIFT_VERSION = 4.0;
				TARGETED_DEVICE_FAMILY = "1,2";
			};
			name = Release;
		};
/* End XCBuildConfiguration section */

/* Begin XCConfigurationList section */
		55D8966B21098D0B00F67D4A /* Build configuration list for PBXProject "Turtle" */ = {
			isa = XCConfigurationList;
			buildConfigurations = (
				55D8968021098D0C00F67D4A /* Debug */,
				55D8968121098D0C00F67D4A /* Release */,
			);
			defaultConfigurationIsVisible = 0;
			defaultConfigurationName = Release;
		};
		55D8968221098D0C00F67D4A /* Build configuration list for PBXNativeTarget "Turtle" */ = {
			isa = XCConfigurationList;
			buildConfigurations = (
				55D8968321098D0C00F67D4A /* Debug */,
				55D8968421098D0C00F67D4A /* Release */,
			);
			defaultConfigurationIsVisible = 0;
			defaultConfigurationName = Release;
		};
/* End XCConfigurationList section */
	};
	rootObject = 55D8966821098D0B00F67D4A /* Project object */;
}
